// !$*UTF8*$!
{
	archiveVersion = 1;
	classes = {
	};
	objectVersion = 48;
	objects = {

/* Begin PBXBuildFile section */
		81AC7A8B200EA72400010174 /* AppDelegate.swift in Sources */ = {isa = PBXBuildFile; fileRef = 81AC7A8A200EA72400010174 /* AppDelegate.swift */; };
		81AC7A8D200EA72400010174 /* ViewController.swift in Sources */ = {isa = PBXBuildFile; fileRef = 81AC7A8C200EA72400010174 /* ViewController.swift */; };
		81AC7A90200EA72400010174 /* Main.storyboard in Resources */ = {isa = PBXBuildFile; fileRef = 81AC7A8E200EA72400010174 /* Main.storyboard */; };
		81AC7A92200EA72400010174 /* Assets.xcassets in Resources */ = {isa = PBXBuildFile; fileRef = 81AC7A91200EA72400010174 /* Assets.xcassets */; };
		81AC7A95200EA72400010174 /* LaunchScreen.storyboard in Resources */ = {isa = PBXBuildFile; fileRef = 81AC7A93200EA72400010174 /* LaunchScreen.storyboard */; };
		81AC7A9F200EA85300010174 /* View.swift in Sources */ = {isa = PBXBuildFile; fileRef = 81AC7A9E200EA85300010174 /* View.swift */; };
		81AC7AA2200EA86A00010174 /* Model.swift in Sources */ = {isa = PBXBuildFile; fileRef = 81AC7AA1200EA86A00010174 /* Model.swift */; };
/* End PBXBuildFile section */

/* Begin PBXFileReference section */
		81AC7A87200EA72400010174 /* HereAndThere.app */ = {isa = PBXFileReference; explicitFileType = wrapper.application; includeInIndex = 0; path = HereAndThere.app; sourceTree = BUILT_PRODUCTS_DIR; };
		81AC7A8A200EA72400010174 /* AppDelegate.swift */ = {isa = PBXFileReference; lastKnownFileType = sourcecode.swift; path = AppDelegate.swift; sourceTree = "<group>"; };
		81AC7A8C200EA72400010174 /* ViewController.swift */ = {isa = PBXFileReference; lastKnownFileType = sourcecode.swift; path = ViewController.swift; sourceTree = "<group>"; };
		81AC7A8F200EA72400010174 /* Base */ = {isa = PBXFileReference; lastKnownFileType = file.storyboard; name = Base; path = Base.lproj/Main.storyboard; sourceTree = "<group>"; };
		81AC7A91200EA72400010174 /* Assets.xcassets */ = {isa = PBXFileReference; lastKnownFileType = folder.assetcatalog; path = Assets.xcassets; sourceTree = "<group>"; };
		81AC7A94200EA72400010174 /* Base */ = {isa = PBXFileReference; lastKnownFileType = file.storyboard; name = Base; path = Base.lproj/LaunchScreen.storyboard; sourceTree = "<group>"; };
		81AC7A96200EA72400010174 /* Info.plist */ = {isa = PBXFileReference; lastKnownFileType = text.plist.xml; path = Info.plist; sourceTree = "<group>"; };
		81AC7A9E200EA85300010174 /* View.swift */ = {isa = PBXFileReference; lastKnownFileType = sourcecode.swift; path = View.swift; sourceTree = "<group>"; };
		81AC7AA1200EA86A00010174 /* Model.swift */ = {isa = PBXFileReference; lastKnownFileType = sourcecode.swift; path = Model.swift; sourceTree = "<group>"; };
/* End PBXFileReference section */

/* Begin PBXFrameworksBuildPhase section */
		81AC7A84200EA72400010174 /* Frameworks */ = {
			isa = PBXFrameworksBuildPhase;
			buildActionMask = 2147483647;
			files = (
			);
			runOnlyForDeploymentPostprocessing = 0;
		};
/* End PBXFrameworksBuildPhase section */

/* Begin PBXGroup section */
		81AC7A7E200EA72400010174 = {
			isa = PBXGroup;
			children = (
				81AC7A89200EA72400010174 /* HereAndThere */,
				81AC7A88200EA72400010174 /* Products */,
			);
			sourceTree = "<group>";
		};
		81AC7A88200EA72400010174 /* Products */ = {
			isa = PBXGroup;
			children = (
				81AC7A87200EA72400010174 /* HereAndThere.app */,
			);
			name = Products;
			sourceTree = "<group>";
		};
		81AC7A89200EA72400010174 /* HereAndThere */ = {
			isa = PBXGroup;
			children = (
				81AC7A8A200EA72400010174 /* AppDelegate.swift */,
				81AC7AA3200EA86D00010174 /* Models */,
				81AC7AA0200EA85700010174 /* Views */,
				81AC7A9C200EA83100010174 /* View Controllers */,
				81AC7A9D200EA83C00010174 /* Storyboards */,
				81AC7A91200EA72400010174 /* Assets.xcassets */,
				81AC7A96200EA72400010174 /* Info.plist */,
			);
			path = HereAndThere;
			sourceTree = "<group>";
		};
		81AC7A9C200EA83100010174 /* View Controllers */ = {
			isa = PBXGroup;
			children = (
				81AC7A8C200EA72400010174 /* ViewController.swift */,
			);
			path = "View Controllers";
			sourceTree = "<group>";
		};
		81AC7A9D200EA83C00010174 /* Storyboards */ = {
			isa = PBXGroup;
			children = (
				81AC7A8E200EA72400010174 /* Main.storyboard */,
				81AC7A93200EA72400010174 /* LaunchScreen.storyboard */,
			);
			path = Storyboards;
			sourceTree = "<group>";
		};
		81AC7AA0200EA85700010174 /* Views */ = {
			isa = PBXGroup;
			children = (
				81AC7A9E200EA85300010174 /* View.swift */,
			);
			path = Views;
			sourceTree = "<group>";
		};
		81AC7AA3200EA86D00010174 /* Models */ = {
			isa = PBXGroup;
			children = (
				81AC7AA1200EA86A00010174 /* Model.swift */,
			);
			path = Models;
			sourceTree = "<group>";
		};
/* End PBXGroup section */

/* Begin PBXNativeTarget section */
		81AC7A86200EA72400010174 /* HereAndThere */ = {
			isa = PBXNativeTarget;
			buildConfigurationList = 81AC7A99200EA72400010174 /* Build configuration list for PBXNativeTarget "HereAndThere" */;
			buildPhases = (
				81AC7A83200EA72400010174 /* Sources */,
				81AC7A84200EA72400010174 /* Frameworks */,
				81AC7A85200EA72400010174 /* Resources */,
			);
			buildRules = (
			);
			dependencies = (
			);
			name = HereAndThere;
			productName = HereAndThere;
			productReference = 81AC7A87200EA72400010174 /* HereAndThere.app */;
			productType = "com.apple.product-type.application";
		};
/* End PBXNativeTarget section */

/* Begin PBXProject section */
		81AC7A7F200EA72400010174 /* Project object */ = {
			isa = PBXProject;
			attributes = {
				LastSwiftUpdateCheck = 0920;
				LastUpgradeCheck = 0920;
				ORGANIZATIONNAME = HereAndThere;
				TargetAttributes = {
					81AC7A86200EA72400010174 = {
						CreatedOnToolsVersion = 9.2;
						ProvisioningStyle = Automatic;
					};
				};
			};
			buildConfigurationList = 81AC7A82200EA72400010174 /* Build configuration list for PBXProject "HereAndThere" */;
			compatibilityVersion = "Xcode 8.0";
			developmentRegion = en;
			hasScannedForEncodings = 0;
			knownRegions = (
				en,
				Base,
			);
			mainGroup = 81AC7A7E200EA72400010174;
			productRefGroup = 81AC7A88200EA72400010174 /* Products */;
			projectDirPath = "";
			projectRoot = "";
			targets = (
				81AC7A86200EA72400010174 /* HereAndThere */,
			);
		};
/* End PBXProject section */

/* Begin PBXResourcesBuildPhase section */
		81AC7A85200EA72400010174 /* Resources */ = {
			isa = PBXResourcesBuildPhase;
			buildActionMask = 2147483647;
			files = (
				81AC7A95200EA72400010174 /* LaunchScreen.storyboard in Resources */,
				81AC7A92200EA72400010174 /* Assets.xcassets in Resources */,
				81AC7A90200EA72400010174 /* Main.storyboard in Resources */,
			);
			runOnlyForDeploymentPostprocessing = 0;
		};
/* End PBXResourcesBuildPhase section */

/* Begin PBXSourcesBuildPhase section */
		81AC7A83200EA72400010174 /* Sources */ = {
			isa = PBXSourcesBuildPhase;
			buildActionMask = 2147483647;
			files = (
				81AC7A8D200EA72400010174 /* ViewController.swift in Sources */,
				81AC7A8B200EA72400010174 /* AppDelegate.swift in Sources */,
				81AC7A9F200EA85300010174 /* View.swift in Sources */,
				81AC7AA2200EA86A00010174 /* Model.swift in Sources */,
			);
			runOnlyForDeploymentPostprocessing = 0;
		};
/* End PBXSourcesBuildPhase section */

/* Begin PBXVariantGroup section */
		81AC7A8E200EA72400010174 /* Main.storyboard */ = {
			isa = PBXVariantGroup;
			children = (
				81AC7A8F200EA72400010174 /* Base */,
			);
			name = Main.storyboard;
			sourceTree = "<group>";
		};
		81AC7A93200EA72400010174 /* LaunchScreen.storyboard */ = {
			isa = PBXVariantGroup;
			children = (
				81AC7A94200EA72400010174 /* Base */,
			);
			name = LaunchScreen.storyboard;
			sourceTree = "<group>";
		};
/* End PBXVariantGroup section */

/* Begin XCBuildConfiguration section */
		81AC7A97200EA72400010174 /* Debug */ = {
			isa = XCBuildConfiguration;
			buildSettings = {
				ALWAYS_SEARCH_USER_PATHS = NO;
				CLANG_ANALYZER_NONNULL = YES;
				CLANG_ANALYZER_NUMBER_OBJECT_CONVERSION = YES_AGGRESSIVE;
				CLANG_CXX_LANGUAGE_STANDARD = "gnu++14";
				CLANG_CXX_LIBRARY = "libc++";
				CLANG_ENABLE_MODULES = YES;
				CLANG_ENABLE_OBJC_ARC = YES;
				CLANG_WARN_BLOCK_CAPTURE_AUTORELEASING = YES;
				CLANG_WARN_BOOL_CONVERSION = YES;
				CLANG_WARN_COMMA = YES;
				CLANG_WARN_CONSTANT_CONVERSION = YES;
				CLANG_WARN_DIRECT_OBJC_ISA_USAGE = YES_ERROR;
				CLANG_WARN_DOCUMENTATION_COMMENTS = YES;
				CLANG_WARN_EMPTY_BODY = YES;
				CLANG_WARN_ENUM_CONVERSION = YES;
				CLANG_WARN_INFINITE_RECURSION = YES;
				CLANG_WARN_INT_CONVERSION = YES;
				CLANG_WARN_NON_LITERAL_NULL_CONVERSION = YES;
				CLANG_WARN_OBJC_LITERAL_CONVERSION = YES;
				CLANG_WARN_OBJC_ROOT_CLASS = YES_ERROR;
				CLANG_WARN_RANGE_LOOP_ANALYSIS = YES;
				CLANG_WARN_STRICT_PROTOTYPES = YES;
				CLANG_WARN_SUSPICIOUS_MOVE = YES;
				CLANG_WARN_UNGUARDED_AVAILABILITY = YES_AGGRESSIVE;
				CLANG_WARN_UNREACHABLE_CODE = YES;
				CLANG_WARN__DUPLICATE_METHOD_MATCH = YES;
				CODE_SIGN_IDENTITY = "iPhone Developer";
				COPY_PHASE_STRIP = NO;
				DEBUG_INFORMATION_FORMAT = dwarf;
				ENABLE_STRICT_OBJC_MSGSEND = YES;
				ENABLE_TESTABILITY = YES;
				GCC_C_LANGUAGE_STANDARD = gnu11;
				GCC_DYNAMIC_NO_PIC = NO;
				GCC_NO_COMMON_BLOCKS = YES;
				GCC_OPTIMIZATION_LEVEL = 0;
				GCC_PREPROCESSOR_DEFINITIONS = (
					"DEBUG=1",
					"$(inherited)",
				);
				GCC_WARN_64_TO_32_BIT_CONVERSION = YES;
				GCC_WARN_ABOUT_RETURN_TYPE = YES_ERROR;
				GCC_WARN_UNDECLARED_SELECTOR = YES;
				GCC_WARN_UNINITIALIZED_AUTOS = YES_AGGRESSIVE;
				GCC_WARN_UNUSED_FUNCTION = YES;
				GCC_WARN_UNUSED_VARIABLE = YES;
				IPHONEOS_DEPLOYMENT_TARGET = 11.2;
				MTL_ENABLE_DEBUG_INFO = YES;
				ONLY_ACTIVE_ARCH = YES;
				SDKROOT = iphoneos;
				SWIFT_ACTIVE_COMPILATION_CONDITIONS = DEBUG;
				SWIFT_OPTIMIZATION_LEVEL = "-Onone";
			};
			name = Debug;
		};
		81AC7A98200EA72400010174 /* Release */ = {
			isa = XCBuildConfiguration;
			buildSettings = {
				ALWAYS_SEARCH_USER_PATHS = NO;
				CLANG_ANALYZER_NONNULL = YES;
				CLANG_ANALYZER_NUMBER_OBJECT_CONVERSION = YES_AGGRESSIVE;
				CLANG_CXX_LANGUAGE_STANDARD = "gnu++14";
				CLANG_CXX_LIBRARY = "libc++";
				CLANG_ENABLE_MODULES = YES;
				CLANG_ENABLE_OBJC_ARC = YES;
				CLANG_WARN_BLOCK_CAPTURE_AUTORELEASING = YES;
				CLANG_WARN_BOOL_CONVERSION = YES;
				CLANG_WARN_COMMA = YES;
				CLANG_WARN_CONSTANT_CONVERSION = YES;
				CLANG_WARN_DIRECT_OBJC_ISA_USAGE = YES_ERROR;
				CLANG_WARN_DOCUMENTATION_COMMENTS = YES;
				CLANG_WARN_EMPTY_BODY = YES;
				CLANG_WARN_ENUM_CONVERSION = YES;
				CLANG_WARN_INFINITE_RECURSION = YES;
				CLANG_WARN_INT_CONVERSION = YES;
				CLANG_WARN_NON_LITERAL_NULL_CONVERSION = YES;
				CLANG_WARN_OBJC_LITERAL_CONVERSION = YES;
				CLANG_WARN_OBJC_ROOT_CLASS = YES_ERROR;
				CLANG_WARN_RANGE_LOOP_ANALYSIS = YES;
				CLANG_WARN_STRICT_PROTOTYPES = YES;
				CLANG_WARN_SUSPICIOUS_MOVE = YES;
				CLANG_WARN_UNGUARDED_AVAILABILITY = YES_AGGRESSIVE;
				CLANG_WARN_UNREACHABLE_CODE = YES;
				CLANG_WARN__DUPLICATE_METHOD_MATCH = YES;
				CODE_SIGN_IDENTITY = "iPhone Developer";
				COPY_PHASE_STRIP = NO;
				DEBUG_INFORMATION_FORMAT = "dwarf-with-dsym";
				ENABLE_NS_ASSERTIONS = NO;
				ENABLE_STRICT_OBJC_MSGSEND = YES;
				GCC_C_LANGUAGE_STANDARD = gnu11;
				GCC_NO_COMMON_BLOCKS = YES;
				GCC_WARN_64_TO_32_BIT_CONVERSION = YES;
				GCC_WARN_ABOUT_RETURN_TYPE = YES_ERROR;
				GCC_WARN_UNDECLARED_SELECTOR = YES;
				GCC_WARN_UNINITIALIZED_AUTOS = YES_AGGRESSIVE;
				GCC_WARN_UNUSED_FUNCTION = YES;
				GCC_WARN_UNUSED_VARIABLE = YES;
				IPHONEOS_DEPLOYMENT_TARGET = 11.2;
				MTL_ENABLE_DEBUG_INFO = NO;
				SDKROOT = iphoneos;
				SWIFT_OPTIMIZATION_LEVEL = "-Owholemodule";
				VALIDATE_PRODUCT = YES;
			};
			name = Release;
		};
		81AC7A9A200EA72400010174 /* Debug */ = {
			isa = XCBuildConfiguration;
			buildSettings = {
				ASSETCATALOG_COMPILER_APPICON_NAME = AppIcon;
				CODE_SIGN_STYLE = Automatic;
				INFOPLIST_FILE = HereAndThere/Info.plist;
				LD_RUNPATH_SEARCH_PATHS = "$(inherited) @executable_path/Frameworks";
				PRODUCT_BUNDLE_IDENTIFIER = here.and.there.HereAndThere;
				PRODUCT_NAME = "$(TARGET_NAME)";
				SWIFT_VERSION = 4.0;
				TARGETED_DEVICE_FAMILY = "1,2";
			};
			name = Debug;
		};
		81AC7A9B200EA72400010174 /* Release */ = {
			isa = XCBuildConfiguration;
			buildSettings = {
				ASSETCATALOG_COMPILER_APPICON_NAME = AppIcon;
				CODE_SIGN_STYLE = Automatic;
				INFOPLIST_FILE = HereAndThere/Info.plist;
				LD_RUNPATH_SEARCH_PATHS = "$(inherited) @executable_path/Frameworks";
				PRODUCT_BUNDLE_IDENTIFIER = here.and.there.HereAndThere;
				PRODUCT_NAME = "$(TARGET_NAME)";
				SWIFT_VERSION = 4.0;
				TARGETED_DEVICE_FAMILY = "1,2";
			};
			name = Release;
		};
/* End XCBuildConfiguration section */

/* Begin XCConfigurationList section */
		81AC7A82200EA72400010174 /* Build configuration list for PBXProject "HereAndThere" */ = {
			isa = XCConfigurationList;
			buildConfigurations = (
				81AC7A97200EA72400010174 /* Debug */,
				81AC7A98200EA72400010174 /* Release */,
			);
			defaultConfigurationIsVisible = 0;
			defaultConfigurationName = Release;
		};
		81AC7A99200EA72400010174 /* Build configuration list for PBXNativeTarget "HereAndThere" */ = {
			isa = XCConfigurationList;
			buildConfigurations = (
				81AC7A9A200EA72400010174 /* Debug */,
				81AC7A9B200EA72400010174 /* Release */,
			);
			defaultConfigurationIsVisible = 0;
			defaultConfigurationName = Release;
		};
/* End XCConfigurationList section */
	};
	rootObject = 81AC7A7F200EA72400010174 /* Project object */;
}
